
Microsoft Visual Studio Solution File, Format Version 12.00
# Visual Studio Version 17
VisualStudioVersion = 17.9.34701.34
MinimumVisualStudioVersion = 10.0.40219.1
Project("{9A19103F-16F7-4668-BE54-9A1E7A4F7556}") = "UnitTestWriting", "UnitTestWriting\UnitTestWriting.csproj", "{5D8447D0-3D74-4F8E-B182-8ACD9F5E1B65}"
EndProject
Project("{FAE04EC0-301F-11D3-BF4B-00C04F79EFBC}") = "UnitTestWriting.Tests", "UnitTestWriting.Tests\UnitTestWriting.Tests.csproj", "{76B8DFF7-BE7B-4003-810A-8D2451FA1450}"
EndProject
Global
	GlobalSection(SolutionConfigurationPlatforms) = preSolution
		Debug|Any CPU = Debug|Any CPU
		Release|Any CPU = Release|Any CPU
	EndGlobalSection
	GlobalSection(ProjectConfigurationPlatforms) = postSolution
		{5D8447D0-3D74-4F8E-B182-8ACD9F5E1B65}.Debug|Any CPU.ActiveCfg = Debug|Any CPU
		{5D8447D0-3D74-4F8E-B182-8ACD9F5E1B65}.Debug|Any CPU.Build.0 = Debug|Any CPU
		{5D8447D0-3D74-4F8E-B182-8ACD9F5E1B65}.Release|Any CPU.ActiveCfg = Release|Any CPU
		{5D8447D0-3D74-4F8E-B182-8ACD9F5E1B65}.Release|Any CPU.Build.0 = Release|Any CPU
		{76B8DFF7-BE7B-4003-810A-8D2451FA1450}.Debug|Any CPU.ActiveCfg = Debug|Any CPU
		{76B8DFF7-BE7B-4003-810A-8D2451FA1450}.Debug|Any CPU.Build.0 = Debug|Any CPU
		{76B8DFF7-BE7B-4003-810A-8D2451FA1450}.Release|Any CPU.ActiveCfg = Release|Any CPU
		{76B8DFF7-BE7B-4003-810A-8D2451FA1450}.Release|Any CPU.Build.0 = Release|Any CPU
	EndGlobalSection
	GlobalSection(SolutionProperties) = preSolution
		HideSolutionNode = FALSE
	EndGlobalSection
	GlobalSection(ExtensibilityGlobals) = postSolution
		SolutionGuid = {1BF6328D-16E6-424F-862C-05C7869B9368}
	EndGlobalSection
EndGlobal
